<?xml version="1.0" encoding="UTF-8"?>
<Scheme
   LastUpgradeVersion = "0610"
   version = "1.3">
   <BuildAction
      parallelizeBuildables = "YES"
      buildImplicitDependencies = "YES">
      <BuildActionEntries>
         <BuildActionEntry
            buildForTesting = "YES"
            buildForRunning = "YES"
            buildForProfiling = "YES"
            buildForArchiving = "YES"
            buildForAnalyzing = "YES">
            <BuildableReference
               BuildableIdentifier = "primary"
               BlueprintIdentifier = "04ACC7B01A19A76D00F453A2"
               BuildableName = "EditDistance"
               BlueprintName = "EditDistance"
               ReferencedContainer = "container:EditDistance.xcodeproj">
            </BuildableReference>
         </BuildActionEntry>
      </BuildActionEntries>
   </BuildAction>
   <TestAction
      selectedDebuggerIdentifier = "Xcode.DebuggerFoundation.Debugger.LLDB"
      selectedLauncherIdentifier = "Xcode.DebuggerFoundation.Launcher.LLDB"
      shouldUseLaunchSchemeArgsEnv = "YES"
      buildConfiguration = "Debug">
      <Testables>
      </Testables>
      <MacroExpansion>
         <BuildableReference
            BuildableIdentifier = "primary"
            BlueprintIdentifier = "04ACC7B01A19A76D00F453A2"
            BuildableName = "EditDistance"
            BlueprintName = "EditDistance"
            ReferencedContainer = "container:EditDistance.xcodeproj">
         </BuildableReference>
      </MacroExpansion>
   </TestAction>
   <LaunchAction
      selectedDebuggerIdentifier = "Xcode.DebuggerFoundation.Debugger.LLDB"
      selectedLauncherIdentifier = "Xcode.DebuggerFoundation.Launcher.LLDB"
      launchStyle = "0"
      useCustomWorkingDirectory = "NO"
      buildConfiguration = "Debug"
      ignoresPersistentStateOnLaunch = "NO"
      debugDocumentVersioning = "YES"
      allowLocationSimulation = "YES">
      <BuildableProductRunnable>
         <BuildableReference
            BuildableIdentifier = "primary"
            BlueprintIdentifier = "04ACC7B01A19A76D00F453A2"
            BuildableName = "EditDistance"
            BlueprintName = "EditDistance"
            ReferencedContainer = "container:EditDistance.xcodeproj">
         </BuildableReference>
      </BuildableProductRunnable>
      <CommandLineArguments>
         <CommandLineArgument
            argument = "/Users/mac/Desktop/demo_two/0a35e2895ea49b8d3e513e54ae34b070855d0f8b.516E7354.behavior.xml"
            isEnabled = "NO">
         </CommandLineArgument>
         <CommandLineArgument
            argument = "/Users/mac/Documents/Fall\ 2014/XCODE/EditDistance/EditDistance/1ec20780752714aba80e9073d467132ed529d3a9.516E7554.behavior.xml"
            isEnabled = "YES">
         </CommandLineArgument>
         <CommandLineArgument
            argument = "/Users/mac/Documents/Fall\ 2014/XCODE/EditDistance/EditDistance/f0f99d72fab351de30cb3683b231726b15d3f0fa.516E72EF.behavior.xml"
            isEnabled = "YES">
         </CommandLineArgument>
         <CommandLineArgument
            argument = "/Users/mac/Desktop/demo_two/114ebc3a406ab91bc322c5c3f77d3b5549f2059e.516E75A0.behavior.xml"
            isEnabled = "NO">
         </CommandLineArgument>
         <CommandLineArgument
            argument = "/Users/mac/Desktop/demo_two/5e983598793c22bdc49fb4ea9e42050fb5ebec6b.516E7629.behavior.xml"
            isEnabled = "NO">
         </CommandLineArgument>
         <CommandLineArgument
            argument = "/Users/mac/Desktop/demo_two/0f58edb7e135f9320d31ab7b41da340b38a54117.516E724A.behavior.xml"
            isEnabled = "NO">
         </CommandLineArgument>
         <CommandLineArgument
            argument = "/Users/mac/Desktop/demo_two/01e1afc68873d45d26d0cf264a89645567be1de3.516E712D.behavior.xml"
            isEnabled = "NO">
         </CommandLineArgument>
      </CommandLineArguments>
      <AdditionalOptions>
      </AdditionalOptions>
   </LaunchAction>
   <ProfileAction
      shouldUseLaunchSchemeArgsEnv = "YES"
      savedToolIdentifier = ""
      useCustomWorkingDirectory = "NO"
      buildConfiguration = "Release"
      debugDocumentVersioning = "YES">
      <BuildableProductRunnable>
         <BuildableReference
            BuildableIdentifier = "primary"
            BlueprintIdentifier = "04ACC7B01A19A76D00F453A2"
            BuildableName = "EditDistance"
            BlueprintName = "EditDistance"
            ReferencedContainer = "container:EditDistance.xcodeproj">
         </BuildableReference>
      </BuildableProductRunnable>
   </ProfileAction>
   <AnalyzeAction
      buildConfiguration = "Debug">
   </AnalyzeAction>
   <ArchiveAction
      buildConfiguration = "Release"
      revealArchiveInOrganizer = "YES">
   </ArchiveAction>
</Scheme>
